// !$*UTF8*$!
{
	archiveVersion = 1;
	classes = {
	};
	objectVersion = 51;
	objects = {

/* Begin PBXBuildFile section */
		26C85AFEF4AD1950A79388AE /* Pods_GraphTutorialUITests.framework in Frameworks */ = {isa = PBXBuildFile; fileRef = 7F38B3B1E7C3E9F439D6BEF7 /* Pods_GraphTutorialUITests.framework */; };
		53E4734553DC067F956BF842 /* Pods_GraphTutorialTests.framework in Frameworks */ = {isa = PBXBuildFile; fileRef = 5C4426298CFCE83DE267BE14 /* Pods_GraphTutorialTests.framework */; };
		9633B0E3230C989D00FB21B8 /* WelcomeViewController.m in Sources */ = {isa = PBXBuildFile; fileRef = 9633B0E2230C989D00FB21B8 /* WelcomeViewController.m */; };
		9633B0E6230D7FB800FB21B8 /* CalendarViewController.m in Sources */ = {isa = PBXBuildFile; fileRef = 9633B0E5230D7FB800FB21B8 /* CalendarViewController.m */; };
		9633B0E9230D860000FB21B8 /* SpinnerViewController.m in Sources */ = {isa = PBXBuildFile; fileRef = 9633B0E8230D860000FB21B8 /* SpinnerViewController.m */; };
		96B952A4230C8F7A0033ACFD /* AppDelegate.m in Sources */ = {isa = PBXBuildFile; fileRef = 96B952A3230C8F7A0033ACFD /* AppDelegate.m */; };
		96B952A7230C8F7A0033ACFD /* SignInViewController.m in Sources */ = {isa = PBXBuildFile; fileRef = 96B952A6230C8F7A0033ACFD /* SignInViewController.m */; };
		96B952AA230C8F7A0033ACFD /* Main.storyboard in Resources */ = {isa = PBXBuildFile; fileRef = 96B952A8230C8F7A0033ACFD /* Main.storyboard */; };
		96B952AC230C8F7B0033ACFD /* Assets.xcassets in Resources */ = {isa = PBXBuildFile; fileRef = 96B952AB230C8F7B0033ACFD /* Assets.xcassets */; };
		96B952AF230C8F7B0033ACFD /* LaunchScreen.storyboard in Resources */ = {isa = PBXBuildFile; fileRef = 96B952AD230C8F7B0033ACFD /* LaunchScreen.storyboard */; };
		96B952B2230C8F7B0033ACFD /* main.m in Sources */ = {isa = PBXBuildFile; fileRef = 96B952B1230C8F7B0033ACFD /* main.m */; };
		96B952BC230C8F7B0033ACFD /* GraphTutorialTests.m in Sources */ = {isa = PBXBuildFile; fileRef = 96B952BB230C8F7B0033ACFD /* GraphTutorialTests.m */; };
		96B952C7230C8F7B0033ACFD /* GraphTutorialUITests.m in Sources */ = {isa = PBXBuildFile; fileRef = 96B952C6230C8F7B0033ACFD /* GraphTutorialUITests.m */; };
		96D5297F230DA77500503108 /* AuthSettings.plist in Resources */ = {isa = PBXBuildFile; fileRef = 96D5297E230DA77500503108 /* AuthSettings.plist */; };
		96D52986230DB19C00503108 /* AuthenticationManager.m in Sources */ = {isa = PBXBuildFile; fileRef = 96D52985230DB19C00503108 /* AuthenticationManager.m */; };
		96D52989230EC6F400503108 /* GraphManager.m in Sources */ = {isa = PBXBuildFile; fileRef = 96D52988230EC6F400503108 /* GraphManager.m */; };
		D3045814D225F090F9D3D915 /* Pods_GraphTutorial.framework in Frameworks */ = {isa = PBXBuildFile; fileRef = 14A6E15A207F724950C870CE /* Pods_GraphTutorial.framework */; };
/* End PBXBuildFile section */

/* Begin PBXContainerItemProxy section */
		96B952B8230C8F7B0033ACFD /* PBXContainerItemProxy */ = {
			isa = PBXContainerItemProxy;
			containerPortal = 96B95297230C8F7A0033ACFD /* Project object */;
			proxyType = 1;
			remoteGlobalIDString = 96B9529E230C8F7A0033ACFD;
			remoteInfo = GraphTutorial;
		};
		96B952C3230C8F7B0033ACFD /* PBXContainerItemProxy */ = {
			isa = PBXContainerItemProxy;
			containerPortal = 96B95297230C8F7A0033ACFD /* Project object */;
			proxyType = 1;
			remoteGlobalIDString = 96B9529E230C8F7A0033ACFD;
			remoteInfo = GraphTutorial;
		};
/* End PBXContainerItemProxy section */

/* Begin PBXFileReference section */
		029E4F92ABC5F6701A944135 /* Pods-GraphTutorialUITests.debug.xcconfig */ = {isa = PBXFileReference; includeInIndex = 1; lastKnownFileType = text.xcconfig; name = "Pods-GraphTutorialUITests.debug.xcconfig"; path = "Target Support Files/Pods-GraphTutorialUITests/Pods-GraphTutorialUITests.debug.xcconfig"; sourceTree = "<group>"; };
		10056737C7131311A85A2C20 /* Pods-GraphTutorial.release.xcconfig */ = {isa = PBXFileReference; includeInIndex = 1; lastKnownFileType = text.xcconfig; name = "Pods-GraphTutorial.release.xcconfig"; path = "Target Support Files/Pods-GraphTutorial/Pods-GraphTutorial.release.xcconfig"; sourceTree = "<group>"; };
		14A6E15A207F724950C870CE /* Pods_GraphTutorial.framework */ = {isa = PBXFileReference; explicitFileType = wrapper.framework; includeInIndex = 0; path = Pods_GraphTutorial.framework; sourceTree = BUILT_PRODUCTS_DIR; };
		1FD6041DC84C46FAD2A87A23 /* Pods-GraphTutorial.debug.xcconfig */ = {isa = PBXFileReference; includeInIndex = 1; lastKnownFileType = text.xcconfig; name = "Pods-GraphTutorial.debug.xcconfig"; path = "Target Support Files/Pods-GraphTutorial/Pods-GraphTutorial.debug.xcconfig"; sourceTree = "<group>"; };
		5C4426298CFCE83DE267BE14 /* Pods_GraphTutorialTests.framework */ = {isa = PBXFileReference; explicitFileType = wrapper.framework; includeInIndex = 0; path = Pods_GraphTutorialTests.framework; sourceTree = BUILT_PRODUCTS_DIR; };
		7203283E9378E9B9C9F6DD69 /* Pods-GraphTutorialUITests.release.xcconfig */ = {isa = PBXFileReference; includeInIndex = 1; lastKnownFileType = text.xcconfig; name = "Pods-GraphTutorialUITests.release.xcconfig"; path = "Target Support Files/Pods-GraphTutorialUITests/Pods-GraphTutorialUITests.release.xcconfig"; sourceTree = "<group>"; };
		7F38B3B1E7C3E9F439D6BEF7 /* Pods_GraphTutorialUITests.framework */ = {isa = PBXFileReference; explicitFileType = wrapper.framework; includeInIndex = 0; path = Pods_GraphTutorialUITests.framework; sourceTree = BUILT_PRODUCTS_DIR; };
		9633B0E1230C989D00FB21B8 /* WelcomeViewController.h */ = {isa = PBXFileReference; lastKnownFileType = sourcecode.c.h; path = WelcomeViewController.h; sourceTree = "<group>"; };
		9633B0E2230C989D00FB21B8 /* WelcomeViewController.m */ = {isa = PBXFileReference; lastKnownFileType = sourcecode.c.objc; path = WelcomeViewController.m; sourceTree = "<group>"; };
		9633B0E4230D7FB800FB21B8 /* CalendarViewController.h */ = {isa = PBXFileReference; lastKnownFileType = sourcecode.c.h; path = CalendarViewController.h; sourceTree = "<group>"; };
		9633B0E5230D7FB800FB21B8 /* CalendarViewController.m */ = {isa = PBXFileReference; lastKnownFileType = sourcecode.c.objc; path = CalendarViewController.m; sourceTree = "<group>"; };
		9633B0E7230D860000FB21B8 /* SpinnerViewController.h */ = {isa = PBXFileReference; lastKnownFileType = sourcecode.c.h; path = SpinnerViewController.h; sourceTree = "<group>"; };
		9633B0E8230D860000FB21B8 /* SpinnerViewController.m */ = {isa = PBXFileReference; lastKnownFileType = sourcecode.c.objc; path = SpinnerViewController.m; sourceTree = "<group>"; };
		965B5BC9237F4368002DC529 /* GraphTutorial.entitlements */ = {isa = PBXFileReference; lastKnownFileType = text.plist.entitlements; path = GraphTutorial.entitlements; sourceTree = "<group>"; };
		96B9529F230C8F7A0033ACFD /* GraphTutorial.app */ = {isa = PBXFileReference; explicitFileType = wrapper.application; includeInIndex = 0; path = GraphTutorial.app; sourceTree = BUILT_PRODUCTS_DIR; };
		96B952A2230C8F7A0033ACFD /* AppDelegate.h */ = {isa = PBXFileReference; lastKnownFileType = sourcecode.c.h; path = AppDelegate.h; sourceTree = "<group>"; };
		96B952A3230C8F7A0033ACFD /* AppDelegate.m */ = {isa = PBXFileReference; lastKnownFileType = sourcecode.c.objc; path = AppDelegate.m; sourceTree = "<group>"; };
		96B952A5230C8F7A0033ACFD /* SignInViewController.h */ = {isa = PBXFileReference; lastKnownFileType = sourcecode.c.h; path = SignInViewController.h; sourceTree = "<group>"; };
		96B952A6230C8F7A0033ACFD /* SignInViewController.m */ = {isa = PBXFileReference; lastKnownFileType = sourcecode.c.objc; path = SignInViewController.m; sourceTree = "<group>"; };
		96B952A9230C8F7A0033ACFD /* Base */ = {isa = PBXFileReference; lastKnownFileType = file.storyboard; name = Base; path = Base.lproj/Main.storyboard; sourceTree = "<group>"; };
		96B952AB230C8F7B0033ACFD /* Assets.xcassets */ = {isa = PBXFileReference; lastKnownFileType = folder.assetcatalog; path = Assets.xcassets; sourceTree = "<group>"; };
		96B952AE230C8F7B0033ACFD /* Base */ = {isa = PBXFileReference; lastKnownFileType = file.storyboard; name = Base; path = Base.lproj/LaunchScreen.storyboard; sourceTree = "<group>"; };
		96B952B0230C8F7B0033ACFD /* Info.plist */ = {isa = PBXFileReference; lastKnownFileType = text.plist.xml; path = Info.plist; sourceTree = "<group>"; };
		96B952B1230C8F7B0033ACFD /* main.m */ = {isa = PBXFileReference; lastKnownFileType = sourcecode.c.objc; path = main.m; sourceTree = "<group>"; };
		96B952B7230C8F7B0033ACFD /* GraphTutorialTests.xctest */ = {isa = PBXFileReference; explicitFileType = wrapper.cfbundle; includeInIndex = 0; path = GraphTutorialTests.xctest; sourceTree = BUILT_PRODUCTS_DIR; };
		96B952BB230C8F7B0033ACFD /* GraphTutorialTests.m */ = {isa = PBXFileReference; lastKnownFileType = sourcecode.c.objc; path = GraphTutorialTests.m; sourceTree = "<group>"; };
		96B952BD230C8F7B0033ACFD /* Info.plist */ = {isa = PBXFileReference; lastKnownFileType = text.plist.xml; path = Info.plist; sourceTree = "<group>"; };
		96B952C2230C8F7B0033ACFD /* GraphTutorialUITests.xctest */ = {isa = PBXFileReference; explicitFileType = wrapper.cfbundle; includeInIndex = 0; path = GraphTutorialUITests.xctest; sourceTree = BUILT_PRODUCTS_DIR; };
		96B952C6230C8F7B0033ACFD /* GraphTutorialUITests.m */ = {isa = PBXFileReference; lastKnownFileType = sourcecode.c.objc; path = GraphTutorialUITests.m; sourceTree = "<group>"; };
		96B952C8230C8F7B0033ACFD /* Info.plist */ = {isa = PBXFileReference; lastKnownFileType = text.plist.xml; path = Info.plist; sourceTree = "<group>"; };
		96D5297E230DA77500503108 /* AuthSettings.plist */ = {isa = PBXFileReference; lastKnownFileType = text.plist.xml; path = AuthSettings.plist; sourceTree = "<group>"; };
		96D52984230DB19C00503108 /* AuthenticationManager.h */ = {isa = PBXFileReference; lastKnownFileType = sourcecode.c.h; path = AuthenticationManager.h; sourceTree = "<group>"; };
		96D52985230DB19C00503108 /* AuthenticationManager.m */ = {isa = PBXFileReference; lastKnownFileType = sourcecode.c.objc; path = AuthenticationManager.m; sourceTree = "<group>"; };
		96D52987230EC6F400503108 /* GraphManager.h */ = {isa = PBXFileReference; lastKnownFileType = sourcecode.c.h; path = GraphManager.h; sourceTree = "<group>"; };
		96D52988230EC6F400503108 /* GraphManager.m */ = {isa = PBXFileReference; lastKnownFileType = sourcecode.c.objc; path = GraphManager.m; sourceTree = "<group>"; };
		AD69BC858AAFE35872598098 /* Pods-GraphTutorialTests.release.xcconfig */ = {isa = PBXFileReference; includeInIndex = 1; lastKnownFileType = text.xcconfig; name = "Pods-GraphTutorialTests.release.xcconfig"; path = "Target Support Files/Pods-GraphTutorialTests/Pods-GraphTutorialTests.release.xcconfig"; sourceTree = "<group>"; };
		E6FBEC1BDB2ECC77E18780AC /* Pods-GraphTutorialTests.debug.xcconfig */ = {isa = PBXFileReference; includeInIndex = 1; lastKnownFileType = text.xcconfig; name = "Pods-GraphTutorialTests.debug.xcconfig"; path = "Target Support Files/Pods-GraphTutorialTests/Pods-GraphTutorialTests.debug.xcconfig"; sourceTree = "<group>"; };
/* End PBXFileReference section */

/* Begin PBXFrameworksBuildPhase section */
		96B9529C230C8F7A0033ACFD /* Frameworks */ = {
			isa = PBXFrameworksBuildPhase;
			buildActionMask = 2147483647;
			files = (
				D3045814D225F090F9D3D915 /* Pods_GraphTutorial.framework in Frameworks */,
			);
			runOnlyForDeploymentPostprocessing = 0;
		};
		96B952B4230C8F7B0033ACFD /* Frameworks */ = {
			isa = PBXFrameworksBuildPhase;
			buildActionMask = 2147483647;
			files = (
				53E4734553DC067F956BF842 /* Pods_GraphTutorialTests.framework in Frameworks */,
			);
			runOnlyForDeploymentPostprocessing = 0;
		};
		96B952BF230C8F7B0033ACFD /* Frameworks */ = {
			isa = PBXFrameworksBuildPhase;
			buildActionMask = 2147483647;
			files = (
				26C85AFEF4AD1950A79388AE /* Pods_GraphTutorialUITests.framework in Frameworks */,
			);
			runOnlyForDeploymentPostprocessing = 0;
		};
/* End PBXFrameworksBuildPhase section */

/* Begin PBXGroup section */
		4E75789824B897BD57F018B1 /* Pods */ = {
			isa = PBXGroup;
			children = (
				1FD6041DC84C46FAD2A87A23 /* Pods-GraphTutorial.debug.xcconfig */,
				10056737C7131311A85A2C20 /* Pods-GraphTutorial.release.xcconfig */,
				E6FBEC1BDB2ECC77E18780AC /* Pods-GraphTutorialTests.debug.xcconfig */,
				AD69BC858AAFE35872598098 /* Pods-GraphTutorialTests.release.xcconfig */,
				029E4F92ABC5F6701A944135 /* Pods-GraphTutorialUITests.debug.xcconfig */,
				7203283E9378E9B9C9F6DD69 /* Pods-GraphTutorialUITests.release.xcconfig */,
			);
			path = Pods;
			sourceTree = "<group>";
		};
		96B95296230C8F7A0033ACFD = {
			isa = PBXGroup;
			children = (
				96B952A1230C8F7A0033ACFD /* GraphTutorial */,
				96B952BA230C8F7B0033ACFD /* GraphTutorialTests */,
				96B952C5230C8F7B0033ACFD /* GraphTutorialUITests */,
				96B952A0230C8F7A0033ACFD /* Products */,
				4E75789824B897BD57F018B1 /* Pods */,
				A8FAE488EC7DA63F3877E54D /* Frameworks */,
			);
			sourceTree = "<group>";
		};
		96B952A0230C8F7A0033ACFD /* Products */ = {
			isa = PBXGroup;
			children = (
				96B9529F230C8F7A0033ACFD /* GraphTutorial.app */,
				96B952B7230C8F7B0033ACFD /* GraphTutorialTests.xctest */,
				96B952C2230C8F7B0033ACFD /* GraphTutorialUITests.xctest */,
			);
			name = Products;
			sourceTree = "<group>";
		};
		96B952A1230C8F7A0033ACFD /* GraphTutorial */ = {
			isa = PBXGroup;
			children = (
				965B5BC9237F4368002DC529 /* GraphTutorial.entitlements */,
				96B952A2230C8F7A0033ACFD /* AppDelegate.h */,
				96B952A3230C8F7A0033ACFD /* AppDelegate.m */,
				96B952A5230C8F7A0033ACFD /* SignInViewController.h */,
				96B952A6230C8F7A0033ACFD /* SignInViewController.m */,
				96B952A8230C8F7A0033ACFD /* Main.storyboard */,
				96B952AB230C8F7B0033ACFD /* Assets.xcassets */,
				96B952AD230C8F7B0033ACFD /* LaunchScreen.storyboard */,
				96B952B0230C8F7B0033ACFD /* Info.plist */,
				96B952B1230C8F7B0033ACFD /* main.m */,
				9633B0E1230C989D00FB21B8 /* WelcomeViewController.h */,
				9633B0E2230C989D00FB21B8 /* WelcomeViewController.m */,
				9633B0E4230D7FB800FB21B8 /* CalendarViewController.h */,
				9633B0E5230D7FB800FB21B8 /* CalendarViewController.m */,
				9633B0E7230D860000FB21B8 /* SpinnerViewController.h */,
				9633B0E8230D860000FB21B8 /* SpinnerViewController.m */,
				96D5297E230DA77500503108 /* AuthSettings.plist */,
				96D52984230DB19C00503108 /* AuthenticationManager.h */,
				96D52985230DB19C00503108 /* AuthenticationManager.m */,
				96D52987230EC6F400503108 /* GraphManager.h */,
				96D52988230EC6F400503108 /* GraphManager.m */,
			);
			path = GraphTutorial;
			sourceTree = "<group>";
		};
		96B952BA230C8F7B0033ACFD /* GraphTutorialTests */ = {
			isa = PBXGroup;
			children = (
				96B952BB230C8F7B0033ACFD /* GraphTutorialTests.m */,
				96B952BD230C8F7B0033ACFD /* Info.plist */,
			);
			path = GraphTutorialTests;
			sourceTree = "<group>";
		};
		96B952C5230C8F7B0033ACFD /* GraphTutorialUITests */ = {
			isa = PBXGroup;
			children = (
				96B952C6230C8F7B0033ACFD /* GraphTutorialUITests.m */,
				96B952C8230C8F7B0033ACFD /* Info.plist */,
			);
			path = GraphTutorialUITests;
			sourceTree = "<group>";
		};
		A8FAE488EC7DA63F3877E54D /* Frameworks */ = {
			isa = PBXGroup;
			children = (
				14A6E15A207F724950C870CE /* Pods_GraphTutorial.framework */,
				5C4426298CFCE83DE267BE14 /* Pods_GraphTutorialTests.framework */,
				7F38B3B1E7C3E9F439D6BEF7 /* Pods_GraphTutorialUITests.framework */,
			);
			name = Frameworks;
			sourceTree = "<group>";
		};
/* End PBXGroup section */

/* Begin PBXNativeTarget section */
		96B9529E230C8F7A0033ACFD /* GraphTutorial */ = {
			isa = PBXNativeTarget;
			buildConfigurationList = 96B952CB230C8F7B0033ACFD /* Build configuration list for PBXNativeTarget "GraphTutorial" */;
			buildPhases = (
				AB42A03899C1FF6C9850F0ED /* [CP] Check Pods Manifest.lock */,
				96B9529B230C8F7A0033ACFD /* Sources */,
				96B9529C230C8F7A0033ACFD /* Frameworks */,
				96B9529D230C8F7A0033ACFD /* Resources */,
				2347CD809814C066006A53B9 /* [CP] Embed Pods Frameworks */,
			);
			buildRules = (
			);
			dependencies = (
			);
			name = GraphTutorial;
			productName = GraphTutorial;
			productReference = 96B9529F230C8F7A0033ACFD /* GraphTutorial.app */;
			productType = "com.apple.product-type.application";
		};
		96B952B6230C8F7B0033ACFD /* GraphTutorialTests */ = {
			isa = PBXNativeTarget;
			buildConfigurationList = 96B952CE230C8F7B0033ACFD /* Build configuration list for PBXNativeTarget "GraphTutorialTests" */;
			buildPhases = (
				254B1569BDF0432901EA18DA /* [CP] Check Pods Manifest.lock */,
				96B952B3230C8F7B0033ACFD /* Sources */,
				96B952B4230C8F7B0033ACFD /* Frameworks */,
				96B952B5230C8F7B0033ACFD /* Resources */,
			);
			buildRules = (
			);
			dependencies = (
				96B952B9230C8F7B0033ACFD /* PBXTargetDependency */,
			);
			name = GraphTutorialTests;
			productName = GraphTutorialTests;
			productReference = 96B952B7230C8F7B0033ACFD /* GraphTutorialTests.xctest */;
			productType = "com.apple.product-type.bundle.unit-test";
		};
		96B952C1230C8F7B0033ACFD /* GraphTutorialUITests */ = {
			isa = PBXNativeTarget;
			buildConfigurationList = 96B952D1230C8F7B0033ACFD /* Build configuration list for PBXNativeTarget "GraphTutorialUITests" */;
			buildPhases = (
				14B1A69CA76093C492DAF542 /* [CP] Check Pods Manifest.lock */,
				96B952BE230C8F7B0033ACFD /* Sources */,
				96B952BF230C8F7B0033ACFD /* Frameworks */,
				96B952C0230C8F7B0033ACFD /* Resources */,
			);
			buildRules = (
			);
			dependencies = (
				96B952C4230C8F7B0033ACFD /* PBXTargetDependency */,
			);
			name = GraphTutorialUITests;
			productName = GraphTutorialUITests;
			productReference = 96B952C2230C8F7B0033ACFD /* GraphTutorialUITests.xctest */;
			productType = "com.apple.product-type.bundle.ui-testing";
		};
/* End PBXNativeTarget section */

/* Begin PBXProject section */
		96B95297230C8F7A0033ACFD /* Project object */ = {
			isa = PBXProject;
			attributes = {
				LastUpgradeCheck = 1030;
				ORGANIZATIONNAME = "Jason Johnston";
				TargetAttributes = {
					96B9529E230C8F7A0033ACFD = {
						CreatedOnToolsVersion = 10.3;
					};
					96B952B6230C8F7B0033ACFD = {
						CreatedOnToolsVersion = 10.3;
						TestTargetID = 96B9529E230C8F7A0033ACFD;
					};
					96B952C1230C8F7B0033ACFD = {
						CreatedOnToolsVersion = 10.3;
						TestTargetID = 96B9529E230C8F7A0033ACFD;
					};
				};
			};
			buildConfigurationList = 96B9529A230C8F7A0033ACFD /* Build configuration list for PBXProject "GraphTutorial" */;
			compatibilityVersion = "Xcode 9.3";
			developmentRegion = en;
			hasScannedForEncodings = 0;
			knownRegions = (
				en,
				Base,
			);
			mainGroup = 96B95296230C8F7A0033ACFD;
			productRefGroup = 96B952A0230C8F7A0033ACFD /* Products */;
			projectDirPath = "";
			projectRoot = "";
			targets = (
				96B9529E230C8F7A0033ACFD /* GraphTutorial */,
				96B952B6230C8F7B0033ACFD /* GraphTutorialTests */,
				96B952C1230C8F7B0033ACFD /* GraphTutorialUITests */,
			);
		};
/* End PBXProject section */

/* Begin PBXResourcesBuildPhase section */
		96B9529D230C8F7A0033ACFD /* Resources */ = {
			isa = PBXResourcesBuildPhase;
			buildActionMask = 2147483647;
			files = (
				96B952AF230C8F7B0033ACFD /* LaunchScreen.storyboard in Resources */,
				96B952AC230C8F7B0033ACFD /* Assets.xcassets in Resources */,
				96B952AA230C8F7A0033ACFD /* Main.storyboard in Resources */,
				96D5297F230DA77500503108 /* AuthSettings.plist in Resources */,
			);
			runOnlyForDeploymentPostprocessing = 0;
		};
		96B952B5230C8F7B0033ACFD /* Resources */ = {
			isa = PBXResourcesBuildPhase;
			buildActionMask = 2147483647;
			files = (
			);
			runOnlyForDeploymentPostprocessing = 0;
		};
		96B952C0230C8F7B0033ACFD /* Resources */ = {
			isa = PBXResourcesBuildPhase;
			buildActionMask = 2147483647;
			files = (
			);
			runOnlyForDeploymentPostprocessing = 0;
		};
/* End PBXResourcesBuildPhase section */

/* Begin PBXShellScriptBuildPhase section */
		14B1A69CA76093C492DAF542 /* [CP] Check Pods Manifest.lock */ = {
			isa = PBXShellScriptBuildPhase;
			buildActionMask = 2147483647;
			files = (
			);
			inputFileListPaths = (
			);
			inputPaths = (
				"${PODS_PODFILE_DIR_PATH}/Podfile.lock",
				"${PODS_ROOT}/Manifest.lock",
			);
			name = "[CP] Check Pods Manifest.lock";
			outputFileListPaths = (
			);
			outputPaths = (
				"$(DERIVED_FILE_DIR)/Pods-GraphTutorialUITests-checkManifestLockResult.txt",
			);
			runOnlyForDeploymentPostprocessing = 0;
			shellPath = /bin/sh;
			shellScript = "diff \"${PODS_PODFILE_DIR_PATH}/Podfile.lock\" \"${PODS_ROOT}/Manifest.lock\" > /dev/null\nif [ $? != 0 ] ; then\n    # print error to STDERR\n    echo \"error: The sandbox is not in sync with the Podfile.lock. Run 'pod install' or update your CocoaPods installation.\" >&2\n    exit 1\nfi\n# This output is used by Xcode 'outputs' to avoid re-running this script phase.\necho \"SUCCESS\" > \"${SCRIPT_OUTPUT_FILE_0}\"\n";
			showEnvVarsInLog = 0;
		};
		2347CD809814C066006A53B9 /* [CP] Embed Pods Frameworks */ = {
			isa = PBXShellScriptBuildPhase;
			buildActionMask = 2147483647;
			files = (
			);
			inputFileListPaths = (
				"${PODS_ROOT}/Target Support Files/Pods-GraphTutorial/Pods-GraphTutorial-frameworks-${CONFIGURATION}-input-files.xcfilelist",
			);
			name = "[CP] Embed Pods Frameworks";
			outputFileListPaths = (
				"${PODS_ROOT}/Target Support Files/Pods-GraphTutorial/Pods-GraphTutorial-frameworks-${CONFIGURATION}-output-files.xcfilelist",
			);
			runOnlyForDeploymentPostprocessing = 0;
			shellPath = /bin/sh;
			shellScript = "\"${PODS_ROOT}/Target Support Files/Pods-GraphTutorial/Pods-GraphTutorial-frameworks.sh\"\n";
			showEnvVarsInLog = 0;
		};
		254B1569BDF0432901EA18DA /* [CP] Check Pods Manifest.lock */ = {
			isa = PBXShellScriptBuildPhase;
			buildActionMask = 2147483647;
			files = (
			);
			inputFileListPaths = (
			);
			inputPaths = (
				"${PODS_PODFILE_DIR_PATH}/Podfile.lock",
				"${PODS_ROOT}/Manifest.lock",
			);
			name = "[CP] Check Pods Manifest.lock";
			outputFileListPaths = (
			);
			outputPaths = (
				"$(DERIVED_FILE_DIR)/Pods-GraphTutorialTests-checkManifestLockResult.txt",
			);
			runOnlyForDeploymentPostprocessing = 0;
			shellPath = /bin/sh;
			shellScript = "diff \"${PODS_PODFILE_DIR_PATH}/Podfile.lock\" \"${PODS_ROOT}/Manifest.lock\" > /dev/null\nif [ $? != 0 ] ; then\n    # print error to STDERR\n    echo \"error: The sandbox is not in sync with the Podfile.lock. Run 'pod install' or update your CocoaPods installation.\" >&2\n    exit 1\nfi\n# This output is used by Xcode 'outputs' to avoid re-running this script phase.\necho \"SUCCESS\" > \"${SCRIPT_OUTPUT_FILE_0}\"\n";
			showEnvVarsInLog = 0;
		};
		AB42A03899C1FF6C9850F0ED /* [CP] Check Pods Manifest.lock */ = {
			isa = PBXShellScriptBuildPhase;
			buildActionMask = 2147483647;
			files = (
			);
			inputFileListPaths = (
			);
			inputPaths = (
				"${PODS_PODFILE_DIR_PATH}/Podfile.lock",
				"${PODS_ROOT}/Manifest.lock",
			);
			name = "[CP] Check Pods Manifest.lock";
			outputFileListPaths = (
			);
			outputPaths = (
				"$(DERIVED_FILE_DIR)/Pods-GraphTutorial-checkManifestLockResult.txt",
			);
			runOnlyForDeploymentPostprocessing = 0;
			shellPath = /bin/sh;
			shellScript = "diff \"${PODS_PODFILE_DIR_PATH}/Podfile.lock\" \"${PODS_ROOT}/Manifest.lock\" > /dev/null\nif [ $? != 0 ] ; then\n    # print error to STDERR\n    echo \"error: The sandbox is not in sync with the Podfile.lock. Run 'pod install' or update your CocoaPods installation.\" >&2\n    exit 1\nfi\n# This output is used by Xcode 'outputs' to avoid re-running this script phase.\necho \"SUCCESS\" > \"${SCRIPT_OUTPUT_FILE_0}\"\n";
			showEnvVarsInLog = 0;
		};
/* End PBXShellScriptBuildPhase section */

/* Begin PBXSourcesBuildPhase section */
		96B9529B230C8F7A0033ACFD /* Sources */ = {
			isa = PBXSourcesBuildPhase;
			buildActionMask = 2147483647;
			files = (
				96B952A7230C8F7A0033ACFD /* SignInViewController.m in Sources */,
				9633B0E3230C989D00FB21B8 /* WelcomeViewController.m in Sources */,
				9633B0E9230D860000FB21B8 /* SpinnerViewController.m in Sources */,
				96D52986230DB19C00503108 /* AuthenticationManager.m in Sources */,
				96B952B2230C8F7B0033ACFD /* main.m in Sources */,
				9633B0E6230D7FB800FB21B8 /* CalendarViewController.m in Sources */,
				96D52989230EC6F400503108 /* GraphManager.m in Sources */,
				96B952A4230C8F7A0033ACFD /* AppDelegate.m in Sources */,
			);
			runOnlyForDeploymentPostprocessing = 0;
		};
		96B952B3230C8F7B0033ACFD /* Sources */ = {
			isa = PBXSourcesBuildPhase;
			buildActionMask = 2147483647;
			files = (
				96B952BC230C8F7B0033ACFD /* GraphTutorialTests.m in Sources */,
			);
			runOnlyForDeploymentPostprocessing = 0;
		};
		96B952BE230C8F7B0033ACFD /* Sources */ = {
			isa = PBXSourcesBuildPhase;
			buildActionMask = 2147483647;
			files = (
				96B952C7230C8F7B0033ACFD /* GraphTutorialUITests.m in Sources */,
			);
			runOnlyForDeploymentPostprocessing = 0;
		};
/* End PBXSourcesBuildPhase section */

/* Begin PBXTargetDependency section */
		96B952B9230C8F7B0033ACFD /* PBXTargetDependency */ = {
			isa = PBXTargetDependency;
			target = 96B9529E230C8F7A0033ACFD /* GraphTutorial */;
			targetProxy = 96B952B8230C8F7B0033ACFD /* PBXContainerItemProxy */;
		};
		96B952C4230C8F7B0033ACFD /* PBXTargetDependency */ = {
			isa = PBXTargetDependency;
			target = 96B9529E230C8F7A0033ACFD /* GraphTutorial */;
			targetProxy = 96B952C3230C8F7B0033ACFD /* PBXContainerItemProxy */;
		};
/* End PBXTargetDependency section */

/* Begin PBXVariantGroup section */
		96B952A8230C8F7A0033ACFD /* Main.storyboard */ = {
			isa = PBXVariantGroup;
			children = (
				96B952A9230C8F7A0033ACFD /* Base */,
			);
			name = Main.storyboard;
			sourceTree = "<group>";
		};
		96B952AD230C8F7B0033ACFD /* LaunchScreen.storyboard */ = {
			isa = PBXVariantGroup;
			children = (
				96B952AE230C8F7B0033ACFD /* Base */,
			);
			name = LaunchScreen.storyboard;
			sourceTree = "<group>";
		};
/* End PBXVariantGroup section */

/* Begin XCBuildConfiguration section */
		96B952C9230C8F7B0033ACFD /* Debug */ = {
			isa = XCBuildConfiguration;
			buildSettings = {
				ALWAYS_SEARCH_USER_PATHS = NO;
				CLANG_ANALYZER_NONNULL = YES;
				CLANG_ANALYZER_NUMBER_OBJECT_CONVERSION = YES_AGGRESSIVE;
				CLANG_CXX_LANGUAGE_STANDARD = "gnu++14";
				CLANG_CXX_LIBRARY = "libc++";
				CLANG_ENABLE_MODULES = YES;
				CLANG_ENABLE_OBJC_ARC = YES;
				CLANG_ENABLE_OBJC_WEAK = YES;
				CLANG_WARN_BLOCK_CAPTURE_AUTORELEASING = YES;
				CLANG_WARN_BOOL_CONVERSION = YES;
				CLANG_WARN_COMMA = YES;
				CLANG_WARN_CONSTANT_CONVERSION = YES;
				CLANG_WARN_DEPRECATED_OBJC_IMPLEMENTATIONS = YES;
				CLANG_WARN_DIRECT_OBJC_ISA_USAGE = YES_ERROR;
				CLANG_WARN_DOCUMENTATION_COMMENTS = YES;
				CLANG_WARN_EMPTY_BODY = YES;
				CLANG_WARN_ENUM_CONVERSION = YES;
				CLANG_WARN_INFINITE_RECURSION = YES;
				CLANG_WARN_INT_CONVERSION = YES;
				CLANG_WARN_NON_LITERAL_NULL_CONVERSION = YES;
				CLANG_WARN_OBJC_IMPLICIT_RETAIN_SELF = YES;
				CLANG_WARN_OBJC_LITERAL_CONVERSION = YES;
				CLANG_WARN_OBJC_ROOT_CLASS = YES_ERROR;
				CLANG_WARN_RANGE_LOOP_ANALYSIS = YES;
				CLANG_WARN_STRICT_PROTOTYPES = YES;
				CLANG_WARN_SUSPICIOUS_MOVE = YES;
				CLANG_WARN_UNGUARDED_AVAILABILITY = YES_AGGRESSIVE;
				CLANG_WARN_UNREACHABLE_CODE = YES;
				CLANG_WARN__DUPLICATE_METHOD_MATCH = YES;
				CODE_SIGN_IDENTITY = "iPhone Developer";
				COPY_PHASE_STRIP = NO;
				DEBUG_INFORMATION_FORMAT = dwarf;
				ENABLE_STRICT_OBJC_MSGSEND = YES;
				ENABLE_TESTABILITY = YES;
				GCC_C_LANGUAGE_STANDARD = gnu11;
				GCC_DYNAMIC_NO_PIC = NO;
				GCC_NO_COMMON_BLOCKS = YES;
				GCC_OPTIMIZATION_LEVEL = 0;
				GCC_PREPROCESSOR_DEFINITIONS = (
					"DEBUG=1",
					"$(inherited)",
				);
				GCC_WARN_64_TO_32_BIT_CONVERSION = YES;
				GCC_WARN_ABOUT_RETURN_TYPE = YES_ERROR;
				GCC_WARN_UNDECLARED_SELECTOR = YES;
				GCC_WARN_UNINITIALIZED_AUTOS = YES_AGGRESSIVE;
				GCC_WARN_UNUSED_FUNCTION = YES;
				GCC_WARN_UNUSED_VARIABLE = YES;
				IPHONEOS_DEPLOYMENT_TARGET = 12.4;
				MTL_ENABLE_DEBUG_INFO = INCLUDE_SOURCE;
				MTL_FAST_MATH = YES;
				ONLY_ACTIVE_ARCH = YES;
				SDKROOT = iphoneos;
			};
			name = Debug;
		};
		96B952CA230C8F7B0033ACFD /* Release */ = {
			isa = XCBuildConfiguration;
			buildSettings = {
				ALWAYS_SEARCH_USER_PATHS = NO;
				CLANG_ANALYZER_NONNULL = YES;
				CLANG_ANALYZER_NUMBER_OBJECT_CONVERSION = YES_AGGRESSIVE;
				CLANG_CXX_LANGUAGE_STANDARD = "gnu++14";
				CLANG_CXX_LIBRARY = "libc++";
				CLANG_ENABLE_MODULES = YES;
				CLANG_ENABLE_OBJC_ARC = YES;
				CLANG_ENABLE_OBJC_WEAK = YES;
				CLANG_WARN_BLOCK_CAPTURE_AUTORELEASING = YES;
				CLANG_WARN_BOOL_CONVERSION = YES;
				CLANG_WARN_COMMA = YES;
				CLANG_WARN_CONSTANT_CONVERSION = YES;
				CLANG_WARN_DEPRECATED_OBJC_IMPLEMENTATIONS = YES;
				CLANG_WARN_DIRECT_OBJC_ISA_USAGE = YES_ERROR;
				CLANG_WARN_DOCUMENTATION_COMMENTS = YES;
				CLANG_WARN_EMPTY_BODY = YES;
				CLANG_WARN_ENUM_CONVERSION = YES;
				CLANG_WARN_INFINITE_RECURSION = YES;
				CLANG_WARN_INT_CONVERSION = YES;
				CLANG_WARN_NON_LITERAL_NULL_CONVERSION = YES;
				CLANG_WARN_OBJC_IMPLICIT_RETAIN_SELF = YES;
				CLANG_WARN_OBJC_LITERAL_CONVERSION = YES;
				CLANG_WARN_OBJC_ROOT_CLASS = YES_ERROR;
				CLANG_WARN_RANGE_LOOP_ANALYSIS = YES;
				CLANG_WARN_STRICT_PROTOTYPES = YES;
				CLANG_WARN_SUSPICIOUS_MOVE = YES;
				CLANG_WARN_UNGUARDED_AVAILABILITY = YES_AGGRESSIVE;
				CLANG_WARN_UNREACHABLE_CODE = YES;
				CLANG_WARN__DUPLICATE_METHOD_MATCH = YES;
				CODE_SIGN_IDENTITY = "iPhone Developer";
				COPY_PHASE_STRIP = NO;
				DEBUG_INFORMATION_FORMAT = "dwarf-with-dsym";
				ENABLE_NS_ASSERTIONS = NO;
				ENABLE_STRICT_OBJC_MSGSEND = YES;
				GCC_C_LANGUAGE_STANDARD = gnu11;
				GCC_NO_COMMON_BLOCKS = YES;
				GCC_WARN_64_TO_32_BIT_CONVERSION = YES;
				GCC_WARN_ABOUT_RETURN_TYPE = YES_ERROR;
				GCC_WARN_UNDECLARED_SELECTOR = YES;
				GCC_WARN_UNINITIALIZED_AUTOS = YES_AGGRESSIVE;
				GCC_WARN_UNUSED_FUNCTION = YES;
				GCC_WARN_UNUSED_VARIABLE = YES;
				IPHONEOS_DEPLOYMENT_TARGET = 12.4;
				MTL_ENABLE_DEBUG_INFO = NO;
				MTL_FAST_MATH = YES;
				SDKROOT = iphoneos;
				VALIDATE_PRODUCT = YES;
			};
			name = Release;
		};
		96B952CC230C8F7B0033ACFD /* Debug */ = {
			isa = XCBuildConfiguration;
			baseConfigurationReference = 1FD6041DC84C46FAD2A87A23 /* Pods-GraphTutorial.debug.xcconfig */;
			buildSettings = {
				ASSETCATALOG_COMPILER_APPICON_NAME = AppIcon;
				CODE_SIGN_ENTITLEMENTS = GraphTutorial/GraphTutorial.entitlements;
				CODE_SIGN_STYLE = Automatic;
				DEVELOPMENT_TEAM = 627WDN8ZS4;
				INFOPLIST_FILE = GraphTutorial/Info.plist;
				LD_RUNPATH_SEARCH_PATHS = (
					"$(inherited)",
					"@executable_path/Frameworks",
				);
				PRODUCT_BUNDLE_IDENTIFIER = com.contoso.GraphTutorial;
				PRODUCT_NAME = "$(TARGET_NAME)";
				TARGETED_DEVICE_FAMILY = "1,2";
			};
			name = Debug;
		};
		96B952CD230C8F7B0033ACFD /* Release */ = {
			isa = XCBuildConfiguration;
			baseConfigurationReference = 10056737C7131311A85A2C20 /* Pods-GraphTutorial.release.xcconfig */;
			buildSettings = {
				ASSETCATALOG_COMPILER_APPICON_NAME = AppIcon;
				CODE_SIGN_ENTITLEMENTS = GraphTutorial/GraphTutorial.entitlements;
				CODE_SIGN_STYLE = Automatic;
				DEVELOPMENT_TEAM = 627WDN8ZS4;
				INFOPLIST_FILE = GraphTutorial/Info.plist;
				LD_RUNPATH_SEARCH_PATHS = (
					"$(inherited)",
					"@executable_path/Frameworks",
				);
				PRODUCT_BUNDLE_IDENTIFIER = com.contoso.GraphTutorial;
				PRODUCT_NAME = "$(TARGET_NAME)";
				TARGETED_DEVICE_FAMILY = "1,2";
			};
			name = Release;
		};
		96B952CF230C8F7B0033ACFD /* Debug */ = {
			isa = XCBuildConfiguration;
			baseConfigurationReference = E6FBEC1BDB2ECC77E18780AC /* Pods-GraphTutorialTests.debug.xcconfig */;
			buildSettings = {
				BUNDLE_LOADER = "$(TEST_HOST)";
				CODE_SIGN_STYLE = Automatic;
				DEVELOPMENT_TEAM = 627WDN8ZS4;
				INFOPLIST_FILE = GraphTutorialTests/Info.plist;
				LD_RUNPATH_SEARCH_PATHS = (
					"$(inherited)",
					"@executable_path/Frameworks",
					"@loader_path/Frameworks",
				);
				PRODUCT_BUNDLE_IDENTIFIER = com.contoso.GraphTutorialTests;
				PRODUCT_NAME = "$(TARGET_NAME)";
				TARGETED_DEVICE_FAMILY = "1,2";
				TEST_HOST = "$(BUILT_PRODUCTS_DIR)/GraphTutorial.app/GraphTutorial";
			};
			name = Debug;
		};
		96B952D0230C8F7B0033ACFD /* Release */ = {
			isa = XCBuildConfiguration;
			baseConfigurationReference = AD69BC858AAFE35872598098 /* Pods-GraphTutorialTests.release.xcconfig */;
			buildSettings = {
				BUNDLE_LOADER = "$(TEST_HOST)";
				CODE_SIGN_STYLE = Automatic;
				DEVELOPMENT_TEAM = 627WDN8ZS4;
				INFOPLIST_FILE = GraphTutorialTests/Info.plist;
				LD_RUNPATH_SEARCH_PATHS = (
					"$(inherited)",
					"@executable_path/Frameworks",
					"@loader_path/Frameworks",
				);
				PRODUCT_BUNDLE_IDENTIFIER = com.contoso.GraphTutorialTests;
				PRODUCT_NAME = "$(TARGET_NAME)";
				TARGETED_DEVICE_FAMILY = "1,2";
				TEST_HOST = "$(BUILT_PRODUCTS_DIR)/GraphTutorial.app/GraphTutorial";
			};
			name = Release;
		};
		96B952D2230C8F7B0033ACFD /* Debug */ = {
			isa = XCBuildConfiguration;
			baseConfigurationReference = 029E4F92ABC5F6701A944135 /* Pods-GraphTutorialUITests.debug.xcconfig */;
			buildSettings = {
				CODE_SIGN_STYLE = Automatic;
				DEVELOPMENT_TEAM = 627WDN8ZS4;
				INFOPLIST_FILE = GraphTutorialUITests/Info.plist;
				LD_RUNPATH_SEARCH_PATHS = (
					"$(inherited)",
					"@executable_path/Frameworks",
					"@loader_path/Frameworks",
				);
				PRODUCT_BUNDLE_IDENTIFIER = com.contoso.GraphTutorialUITests;
				PRODUCT_NAME = "$(TARGET_NAME)";
				TARGETED_DEVICE_FAMILY = "1,2";
				TEST_TARGET_NAME = GraphTutorial;
			};
			name = Debug;
		};
		96B952D3230C8F7B0033ACFD /* Release */ = {
			isa = XCBuildConfiguration;
			baseConfigurationReference = 7203283E9378E9B9C9F6DD69 /* Pods-GraphTutorialUITests.release.xcconfig */;
			buildSettings = {
				CODE_SIGN_STYLE = Automatic;
				DEVELOPMENT_TEAM = 627WDN8ZS4;
				INFOPLIST_FILE = GraphTutorialUITests/Info.plist;
				LD_RUNPATH_SEARCH_PATHS = (
					"$(inherited)",
					"@executable_path/Frameworks",
					"@loader_path/Frameworks",
				);
				PRODUCT_BUNDLE_IDENTIFIER = com.contoso.GraphTutorialUITests;
				PRODUCT_NAME = "$(TARGET_NAME)";
				TARGETED_DEVICE_FAMILY = "1,2";
				TEST_TARGET_NAME = GraphTutorial;
			};
			name = Release;
		};
/* End XCBuildConfiguration section */

/* Begin XCConfigurationList section */
		96B9529A230C8F7A0033ACFD /* Build configuration list for PBXProject "GraphTutorial" */ = {
			isa = XCConfigurationList;
			buildConfigurations = (
				96B952C9230C8F7B0033ACFD /* Debug */,
				96B952CA230C8F7B0033ACFD /* Release */,
			);
			defaultConfigurationIsVisible = 0;
			defaultConfigurationName = Release;
		};
		96B952CB230C8F7B0033ACFD /* Build configuration list for PBXNativeTarget "GraphTutorial" */ = {
			isa = XCConfigurationList;
			buildConfigurations = (
				96B952CC230C8F7B0033ACFD /* Debug */,
				96B952CD230C8F7B0033ACFD /* Release */,
			);
			defaultConfigurationIsVisible = 0;
			defaultConfigurationName = Release;
		};
		96B952CE230C8F7B0033ACFD /* Build configuration list for PBXNativeTarget "GraphTutorialTests" */ = {
			isa = XCConfigurationList;
			buildConfigurations = (
				96B952CF230C8F7B0033ACFD /* Debug */,
				96B952D0230C8F7B0033ACFD /* Release */,
			);
			defaultConfigurationIsVisible = 0;
			defaultConfigurationName = Release;
		};
		96B952D1230C8F7B0033ACFD /* Build configuration list for PBXNativeTarget "GraphTutorialUITests" */ = {
			isa = XCConfigurationList;
			buildConfigurations = (
				96B952D2230C8F7B0033ACFD /* Debug */,
				96B952D3230C8F7B0033ACFD /* Release */,
			);
			defaultConfigurationIsVisible = 0;
			defaultConfigurationName = Release;
		};
/* End XCConfigurationList section */
	};
	rootObject = 96B95297230C8F7A0033ACFD /* Project object */;
}
